
Microsoft Visual Studio Solution File, Format Version 12.00
# Visual Studio Version 17
VisualStudioVersion = 17.0.31903.59
MinimumVisualStudioVersion = 10.0.40219.1
Project("{2150E333-8FDC-42A3-9474-1A3956D46DE8}") = "apps", "apps", "{50F12825-3868-408E-A6E5-4E5941E24497}"
EndProject
Project("{FAE04EC0-301F-11D3-BF4B-00C04F79EFBC}") = "AspNetCoreEf", "apps\aspnetcore-ef\AspNetCoreEf.csproj", "{63696E1D-7AFB-4A33-874B-2031A11F24BB}"
EndProject
Project("{FAE04EC0-301F-11D3-BF4B-00C04F79EFBC}") = "AspNetCoreDapper", "apps\aspnetcore-dapper\AspNetCoreDapper.csproj", "{B39596C4-CF14-4B75-9BDE-95134C8B5384}"
EndProject
Global
	GlobalSection(SolutionConfigurationPlatforms) = preSolution
		Debug|Any CPU = Debug|Any CPU
		Release|Any CPU = Release|Any CPU
	EndGlobalSection
	GlobalSection(SolutionProperties) = preSolution
		HideSolutionNode = FALSE
	EndGlobalSection
	GlobalSection(ProjectConfigurationPlatforms) = postSolution
		{63696E1D-7AFB-4A33-874B-2031A11F24BB}.Debug|Any CPU.ActiveCfg = Debug|Any CPU
		{63696E1D-7AFB-4A33-874B-2031A11F24BB}.Debug|Any CPU.Build.0 = Debug|Any CPU
		{63696E1D-7AFB-4A33-874B-2031A11F24BB}.Release|Any CPU.ActiveCfg = Release|Any CPU
		{63696E1D-7AFB-4A33-874B-2031A11F24BB}.Release|Any CPU.Build.0 = Release|Any CPU
		{B39596C4-CF14-4B75-9BDE-95134C8B5384}.Debug|Any CPU.ActiveCfg = Debug|Any CPU
		{B39596C4-CF14-4B75-9BDE-95134C8B5384}.Debug|Any CPU.Build.0 = Debug|Any CPU
		{B39596C4-CF14-4B75-9BDE-95134C8B5384}.Release|Any CPU.ActiveCfg = Release|Any CPU
		{B39596C4-CF14-4B75-9BDE-95134C8B5384}.Release|Any CPU.Build.0 = Release|Any CPU
	EndGlobalSection
	GlobalSection(NestedProjects) = preSolution
		{63696E1D-7AFB-4A33-874B-2031A11F24BB} = {50F12825-3868-408E-A6E5-4E5941E24497}
		{B39596C4-CF14-4B75-9BDE-95134C8B5384} = {50F12825-3868-408E-A6E5-4E5941E24497}
	EndGlobalSection
EndGlobal
